
Microsoft Visual Studio Solution File, Format Version 12.00
# Visual Studio Version 17
VisualStudioVersion = 17.6.33513.286
MinimumVisualStudioVersion = 10.0.40219.1
Project("{FAE04EC0-301F-11D3-BF4B-00C04F79EFBC}") = "IISRequestsFilter", "IISRequestsFilter\IISRequestsFilter.csproj", "{51C4074C-B84B-4A9B-84CB-D99C7C015877}"
EndProject
Global
	GlobalSection(SolutionConfigurationPlatforms) = preSolution
		Debug|Any CPU = Debug|Any CPU
		Release|Any CPU = Release|Any CPU
	EndGlobalSection
	GlobalSection(ProjectConfigurationPlatforms) = postSolution
		{51C4074C-B84B-4A9B-84CB-D99C7C015877}.Debug|Any CPU.ActiveCfg = Debug|Any CPU
		{51C4074C-B84B-4A9B-84CB-D99C7C015877}.Debug|Any CPU.Build.0 = Debug|Any CPU
		{51C4074C-B84B-4A9B-84CB-D99C7C015877}.Release|Any CPU.ActiveCfg = Release|Any CPU
		{51C4074C-B84B-4A9B-84CB-D99C7C015877}.Release|Any CPU.Build.0 = Release|Any CPU
	EndGlobalSection
	GlobalSection(SolutionProperties) = preSolution
		HideSolutionNode = FALSE
	EndGlobalSection
	GlobalSection(ExtensibilityGlobals) = postSolution
		SolutionGuid = {10D39D32-4963-48C9-8C62-C51E3FE4C480}
	EndGlobalSection
EndGlobal
